Microsoft Visual Studio Solution File, Format Version 12.00
# Visual Studio 15
VisualStudioVersion = 15.0.26730.16
MinimumVisualStudioVersion = 10.0.40219.1
Project("{8BC9CEB8-8B4A-11D0-8D11-00A0C91BC942}") = "ALL_BUILD", "ALL_BUILD.vcxproj", "{BB33CFC2-817D-3A3E-8CDE-AECDC3E26EF2}"
	ProjectSection(ProjectDependencies) = postProject
		{BDC8FCE5-9AC7-3795-9EBD-6235DE878958} = {BDC8FCE5-9AC7-3795-9EBD-6235DE878958}
		{2419C70D-C693-39F9-B646-BCF47C2291F5} = {2419C70D-C693-39F9-B646-BCF47C2291F5}
		{7187B2DE-A53C-3A3A-BE0C-75B8D17BDC60} = {7187B2DE-A53C-3A3A-BE0C-75B8D17BDC60}
		{339DCED0-B765-3406-A779-C87BAE7B92F3} = {339DCED0-B765-3406-A779-C87BAE7B92F3}
		{10B05C28-5B5E-3294-BEA9-A95E1E96580B} = {10B05C28-5B5E-3294-BEA9-A95E1E96580B}
	EndProjectSection
EndProject
Project("{8BC9CEB8-8B4A-11D0-8D11-00A0C91BC942}") = "INSTALL", "INSTALL.vcxproj", "{307382D4-FEC3-3AA1-85B6-36DE6B05E53D}"
	ProjectSection(ProjectDependencies) = postProject
		{BB33CFC2-817D-3A3E-8CDE-AECDC3E26EF2} = {BB33CFC2-817D-3A3E-8CDE-AECDC3E26EF2}
		{BDC8FCE5-9AC7-3795-9EBD-6235DE878958} = {BDC8FCE5-9AC7-3795-9EBD-6235DE878958}
	EndProjectSection
EndProject
Project("{8BC9CEB8-8B4A-11D0-8D11-00A0C91BC942}") = "UpdateAssimpLibsDebugSymbolsAndDLLs", "UpdateAssimpLibsDebugSymbolsAndDLLs.vcxproj", "{C2C11E8F-5FF7-36C4-8A84-062B4A25A95B}"
	ProjectSection(ProjectDependencies) = postProject
		{BDC8FCE5-9AC7-3795-9EBD-6235DE878958} = {BDC8FCE5-9AC7-3795-9EBD-6235DE878958}
	EndProjectSection
EndProject
Project("{8BC9CEB8-8B4A-11D0-8D11-00A0C91BC942}") = "ZERO_CHECK", "ZERO_CHECK.vcxproj", "{BDC8FCE5-9AC7-3795-9EBD-6235DE878958}"
EndProject
Project("{8BC9CEB8-8B4A-11D0-8D11-00A0C91BC942}") = "assimp_cmd", "tools\assimp_cmd\assimp_cmd.vcxproj", "{7187B2DE-A53C-3A3A-BE0C-75B8D17BDC60}"
	ProjectSection(ProjectDependencies) = postProject
		{BDC8FCE5-9AC7-3795-9EBD-6235DE878958} = {BDC8FCE5-9AC7-3795-9EBD-6235DE878958}
		{2419C70D-C693-39F9-B646-BCF47C2291F5} = {2419C70D-C693-39F9-B646-BCF47C2291F5}
		{10B05C28-5B5E-3294-BEA9-A95E1E96580B} = {10B05C28-5B5E-3294-BEA9-A95E1E96580B}
	EndProjectSection
EndProject
Project("{8BC9CEB8-8B4A-11D0-8D11-00A0C91BC942}") = "uninstall", "uninstall.vcxproj", "{861ED7AE-AB39-3C7D-97FF-34FCF339EE3C}"
	ProjectSection(ProjectDependencies) = postProject
		{BDC8FCE5-9AC7-3795-9EBD-6235DE878958} = {BDC8FCE5-9AC7-3795-9EBD-6235DE878958}
	EndProjectSection
EndProject
Project("{8BC9CEB8-8B4A-11D0-8D11-00A0C91BC942}") = "unit", "test\unit.vcxproj", "{339DCED0-B765-3406-A779-C87BAE7B92F3}"
	ProjectSection(ProjectDependencies) = postProject
		{BDC8FCE5-9AC7-3795-9EBD-6235DE878958} = {BDC8FCE5-9AC7-3795-9EBD-6235DE878958}
		{2419C70D-C693-39F9-B646-BCF47C2291F5} = {2419C70D-C693-39F9-B646-BCF47C2291F5}
		{10B05C28-5B5E-3294-BEA9-A95E1E96580B} = {10B05C28-5B5E-3294-BEA9-A95E1E96580B}
	EndProjectSection
EndProject
Project("{8BC9CEB8-8B4A-11D0-8D11-00A0C91BC942}") = "assimp", "code\assimp_windows10_uwp.vcxproj", "{2419C70D-C693-39F9-B646-BCF47C2291F5}"
EndProject
Project("{8BC9CEB8-8B4A-11D0-8D11-00A0C91BC942}") = "zlibstatic", "contrib\zlib\zlibstatic_windows10_uwp.vcxproj", "{10B05C28-5B5E-3294-BEA9-A95E1E96580B}"
EndProject
Project("{8BC9CEB8-8B4A-11D0-8D11-00A0C91BC942}") = "uwp_zlib", "contrib\uwp_zlib\uwp_zlib.vcxproj", "{8BA365C5-246B-48AD-9177-31891649ACF2}"
EndProject
Global
	GlobalSection(SolutionConfigurationPlatforms) = preSolution
		Debug|ARM = Debug|ARM
		Debug|Win32 = Debug|Win32
		Debug|x64 = Debug|x64
		MinSizeRel|ARM = MinSizeRel|ARM
		MinSizeRel|Win32 = MinSizeRel|Win32
		MinSizeRel|x64 = MinSizeRel|x64
		Release|ARM = Release|ARM
		Release|Win32 = Release|Win32
		Release|x64 = Release|x64
		RelWithDebInfo|ARM = RelWithDebInfo|ARM
		RelWithDebInfo|Win32 = RelWithDebInfo|Win32
		RelWithDebInfo|x64 = RelWithDebInfo|x64
	EndGlobalSection
	GlobalSection(ProjectConfigurationPlatforms) = postSolution
		{BB33CFC2-817D-3A3E-8CDE-AECDC3E26EF2}.Debug|ARM.ActiveCfg = Debug|Win32
		{BB33CFC2-817D-3A3E-8CDE-AECDC3E26EF2}.Debug|Win32.ActiveCfg = Debug|Win32
		{BB33CFC2-817D-3A3E-8CDE-AECDC3E26EF2}.Debug|Win32.Build.0 = Debug|Win32
		{BB33CFC2-817D-3A3E-8CDE-AECDC3E26EF2}.Debug|x64.ActiveCfg = Debug|Win32
		{BB33CFC2-817D-3A3E-8CDE-AECDC3E26EF2}.MinSizeRel|ARM.ActiveCfg = MinSizeRel|Win32
		{BB33CFC2-817D-3A3E-8CDE-AECDC3E26EF2}.MinSizeRel|Win32.ActiveCfg = MinSizeRel|Win32
		{BB33CFC2-817D-3A3E-8CDE-AECDC3E26EF2}.MinSizeRel|Win32.Build.0 = MinSizeRel|Win32
		{BB33CFC2-817D-3A3E-8CDE-AECDC3E26EF2}.MinSizeRel|x64.ActiveCfg = MinSizeRel|Win32
		{BB33CFC2-817D-3A3E-8CDE-AECDC3E26EF2}.Release|ARM.ActiveCfg = Release|Win32
		{BB33CFC2-817D-3A3E-8CDE-AECDC3E26EF2}.Release|Win32.ActiveCfg = Release|Win32
		{BB33CFC2-817D-3A3E-8CDE-AECDC3E26EF2}.Release|Win32.Build.0 = Release|Win32
		{BB33CFC2-817D-3A3E-8CDE-AECDC3E26EF2}.Release|x64.ActiveCfg = Release|Win32
		{BB33CFC2-817D-3A3E-8CDE-AECDC3E26EF2}.RelWithDebInfo|ARM.ActiveCfg = RelWithDebInfo|Win32
		{BB33CFC2-817D-3A3E-8CDE-AECDC3E26EF2}.RelWithDebInfo|Win32.ActiveCfg = RelWithDebInfo|Win32
		{BB33CFC2-817D-3A3E-8CDE-AECDC3E26EF2}.RelWithDebInfo|Win32.Build.0 = RelWithDebInfo|Win32
		{BB33CFC2-817D-3A3E-8CDE-AECDC3E26EF2}.RelWithDebInfo|x64.ActiveCfg = RelWithDebInfo|Win32
		{307382D4-FEC3-3AA1-85B6-36DE6B05E53D}.Debug|ARM.ActiveCfg = Debug|Win32
		{307382D4-FEC3-3AA1-85B6-36DE6B05E53D}.Debug|Win32.ActiveCfg = Debug|Win32
		{307382D4-FEC3-3AA1-85B6-36DE6B05E53D}.Debug|x64.ActiveCfg = Debug|Win32
		{307382D4-FEC3-3AA1-85B6-36DE6B05E53D}.MinSizeRel|ARM.ActiveCfg = MinSizeRel|Win32
		{307382D4-FEC3-3AA1-85B6-36DE6B05E53D}.MinSizeRel|Win32.ActiveCfg = MinSizeRel|Win32
		{307382D4-FEC3-3AA1-85B6-36DE6B05E53D}.MinSizeRel|x64.ActiveCfg = MinSizeRel|Win32
		{307382D4-FEC3-3AA1-85B6-36DE6B05E53D}.Release|ARM.ActiveCfg = Release|Win32
		{307382D4-FEC3-3AA1-85B6-36DE6B05E53D}.Release|Win32.ActiveCfg = Release|Win32
		{307382D4-FEC3-3AA1-85B6-36DE6B05E53D}.Release|x64.ActiveCfg = Release|Win32
		{307382D4-FEC3-3AA1-85B6-36DE6B05E53D}.RelWithDebInfo|ARM.ActiveCfg = RelWithDebInfo|Win32
		{307382D4-FEC3-3AA1-85B6-36DE6B05E53D}.RelWithDebInfo|Win32.ActiveCfg = RelWithDebInfo|Win32
		{307382D4-FEC3-3AA1-85B6-36DE6B05E53D}.RelWithDebInfo|x64.ActiveCfg = RelWithDebInfo|Win32
		{C2C11E8F-5FF7-36C4-8A84-062B4A25A95B}.Debug|ARM.ActiveCfg = Debug|Win32
		{C2C11E8F-5FF7-36C4-8A84-062B4A25A95B}.Debug|Win32.ActiveCfg = Debug|Win32
		{C2C11E8F-5FF7-36C4-8A84-062B4A25A95B}.Debug|x64.ActiveCfg = Debug|Win32
		{C2C11E8F-5FF7-36C4-8A84-062B4A25A95B}.MinSizeRel|ARM.ActiveCfg = MinSizeRel|Win32
		{C2C11E8F-5FF7-36C4-8A84-062B4A25A95B}.MinSizeRel|Win32.ActiveCfg = MinSizeRel|Win32
		{C2C11E8F-5FF7-36C4-8A84-062B4A25A95B}.MinSizeRel|x64.ActiveCfg = MinSizeRel|Win32
		{C2C11E8F-5FF7-36C4-8A84-062B4A25A95B}.Release|ARM.ActiveCfg = Release|Win32
		{C2C11E8F-5FF7-36C4-8A84-062B4A25A95B}.Release|Win32.ActiveCfg = Release|Win32
		{C2C11E8F-5FF7-36C4-8A84-062B4A25A95B}.Release|x64.ActiveCfg = Release|Win32
		{C2C11E8F-5FF7-36C4-8A84-062B4A25A95B}.RelWithDebInfo|ARM.ActiveCfg = RelWithDebInfo|Win32
		{C2C11E8F-5FF7-36C4-8A84-062B4A25A95B}.RelWithDebInfo|Win32.ActiveCfg = RelWithDebInfo|Win32
		{C2C11E8F-5FF7-36C4-8A84-062B4A25A95B}.RelWithDebInfo|x64.ActiveCfg = RelWithDebInfo|Win32
		{BDC8FCE5-9AC7-3795-9EBD-6235DE878958}.Debug|ARM.ActiveCfg = Debug|Win32
		{BDC8FCE5-9AC7-3795-9EBD-6235DE878958}.Debug|Win32.ActiveCfg = Debug|Win32
		{BDC8FCE5-9AC7-3795-9EBD-6235DE878958}.Debug|Win32.Build.0 = Debug|Win32
		{BDC8FCE5-9AC7-3795-9EBD-6235DE878958}.Debug|x64.ActiveCfg = Debug|Win32
		{BDC8FCE5-9AC7-3795-9EBD-6235DE878958}.MinSizeRel|ARM.ActiveCfg = MinSizeRel|Win32
		{BDC8FCE5-9AC7-3795-9EBD-6235DE878958}.MinSizeRel|Win32.ActiveCfg = MinSizeRel|Win32
		{BDC8FCE5-9AC7-3795-9EBD-6235DE878958}.MinSizeRel|Win32.Build.0 = MinSizeRel|Win32
		{BDC8FCE5-9AC7-3795-9EBD-6235DE878958}.MinSizeRel|x64.ActiveCfg = MinSizeRel|Win32
		{BDC8FCE5-9AC7-3795-9EBD-6235DE878958}.Release|ARM.ActiveCfg = Release|Win32
		{BDC8FCE5-9AC7-3795-9EBD-6235DE878958}.Release|Win32.ActiveCfg = Release|Win32
		{BDC8FCE5-9AC7-3795-9EBD-6235DE878958}.Release|Win32.Build.0 = Release|Win32
		{BDC8FCE5-9AC7-3795-9EBD-6235DE878958}.Release|x64.ActiveCfg = Release|Win32
		{BDC8FCE5-9AC7-3795-9EBD-6235DE878958}.RelWithDebInfo|ARM.ActiveCfg = RelWithDebInfo|Win32
		{BDC8FCE5-9AC7-3795-9EBD-6235DE878958}.RelWithDebInfo|Win32.ActiveCfg = RelWithDebInfo|Win32
		{BDC8FCE5-9AC7-3795-9EBD-6235DE878958}.RelWithDebInfo|Win32.Build.0 = RelWithDebInfo|Win32
		{BDC8FCE5-9AC7-3795-9EBD-6235DE878958}.RelWithDebInfo|x64.ActiveCfg = RelWithDebInfo|Win32
		{7187B2DE-A53C-3A3A-BE0C-75B8D17BDC60}.Debug|ARM.ActiveCfg = Debug|Win32
		{7187B2DE-A53C-3A3A-BE0C-75B8D17BDC60}.Debug|Win32.ActiveCfg = Debug|Win32
		{7187B2DE-A53C-3A3A-BE0C-75B8D17BDC60}.Debug|Win32.Build.0 = Debug|Win32
		{7187B2DE-A53C-3A3A-BE0C-75B8D17BDC60}.Debug|x64.ActiveCfg = Debug|Win32
		{7187B2DE-A53C-3A3A-BE0C-75B8D17BDC60}.MinSizeRel|ARM.ActiveCfg = MinSizeRel|Win32
		{7187B2DE-A53C-3A3A-BE0C-75B8D17BDC60}.MinSizeRel|Win32.ActiveCfg = MinSizeRel|Win32
		{7187B2DE-A53C-3A3A-BE0C-75B8D17BDC60}.MinSizeRel|Win32.Build.0 = MinSizeRel|Win32
		{7187B2DE-A53C-3A3A-BE0C-75B8D17BDC60}.MinSizeRel|x64.ActiveCfg = MinSizeRel|Win32
		{7187B2DE-A53C-3A3A-BE0C-75B8D17BDC60}.Release|ARM.ActiveCfg = Release|Win32
		{7187B2DE-A53C-3A3A-BE0C-75B8D17BDC60}.Release|Win32.ActiveCfg = Release|Win32
		{7187B2DE-A53C-3A3A-BE0C-75B8D17BDC60}.Release|Win32.Build.0 = Release|Win32
		{7187B2DE-A53C-3A3A-BE0C-75B8D17BDC60}.Release|x64.ActiveCfg = Release|Win32
		{7187B2DE-A53C-3A3A-BE0C-75B8D17BDC60}.RelWithDebInfo|ARM.ActiveCfg = RelWithDebInfo|Win32
		{7187B2DE-A53C-3A3A-BE0C-75B8D17BDC60}.RelWithDebInfo|Win32.ActiveCfg = RelWithDebInfo|Win32
		{7187B2DE-A53C-3A3A-BE0C-75B8D17BDC60}.RelWithDebInfo|Win32.Build.0 = RelWithDebInfo|Win32
		{7187B2DE-A53C-3A3A-BE0C-75B8D17BDC60}.RelWithDebInfo|x64.ActiveCfg = RelWithDebInfo|Win32
		{861ED7AE-AB39-3C7D-97FF-34FCF339EE3C}.Debug|ARM.ActiveCfg = Debug|Win32
		{861ED7AE-AB39-3C7D-97FF-34FCF339EE3C}.Debug|Win32.ActiveCfg = Debug|Win32
		{861ED7AE-AB39-3C7D-97FF-34FCF339EE3C}.Debug|x64.ActiveCfg = Debug|Win32
		{861ED7AE-AB39-3C7D-97FF-34FCF339EE3C}.MinSizeRel|ARM.ActiveCfg = MinSizeRel|Win32
		{861ED7AE-AB39-3C7D-97FF-34FCF339EE3C}.MinSizeRel|Win32.ActiveCfg = MinSizeRel|Win32
		{861ED7AE-AB39-3C7D-97FF-34FCF339EE3C}.MinSizeRel|x64.ActiveCfg = MinSizeRel|Win32
		{861ED7AE-AB39-3C7D-97FF-34FCF339EE3C}.Release|ARM.ActiveCfg = Release|Win32
		{861ED7AE-AB39-3C7D-97FF-34FCF339EE3C}.Release|Win32.ActiveCfg = Release|Win32
		{861ED7AE-AB39-3C7D-97FF-34FCF339EE3C}.Release|x64.ActiveCfg = Release|Win32
		{861ED7AE-AB39-3C7D-97FF-34FCF339EE3C}.RelWithDebInfo|ARM.ActiveCfg = RelWithDebInfo|Win32
		{861ED7AE-AB39-3C7D-97FF-34FCF339EE3C}.RelWithDebInfo|Win32.ActiveCfg = RelWithDebInfo|Win32
		{861ED7AE-AB39-3C7D-97FF-34FCF339EE3C}.RelWithDebInfo|x64.ActiveCfg = RelWithDebInfo|Win32
		{339DCED0-B765-3406-A779-C87BAE7B92F3}.Debug|ARM.ActiveCfg = Debug|Win32
		{339DCED0-B765-3406-A779-C87BAE7B92F3}.Debug|Win32.ActiveCfg = Debug|Win32
		{339DCED0-B765-3406-A779-C87BAE7B92F3}.Debug|Win32.Build.0 = Debug|Win32
		{339DCED0-B765-3406-A779-C87BAE7B92F3}.Debug|x64.ActiveCfg = Debug|Win32
		{339DCED0-B765-3406-A779-C87BAE7B92F3}.MinSizeRel|ARM.ActiveCfg = MinSizeRel|Win32
		{339DCED0-B765-3406-A779-C87BAE7B92F3}.MinSizeRel|Win32.ActiveCfg = MinSizeRel|Win32
		{339DCED0-B765-3406-A779-C87BAE7B92F3}.MinSizeRel|Win32.Build.0 = MinSizeRel|Win32
		{339DCED0-B765-3406-A779-C87BAE7B92F3}.MinSizeRel|x64.ActiveCfg = MinSizeRel|Win32
		{339DCED0-B765-3406-A779-C87BAE7B92F3}.Release|ARM.ActiveCfg = Release|Win32
		{339DCED0-B765-3406-A779-C87BAE7B92F3}.Release|Win32.ActiveCfg = Release|Win32
		{339DCED0-B765-3406-A779-C87BAE7B92F3}.Release|Win32.Build.0 = Release|Win32
		{339DCED0-B765-3406-A779-C87BAE7B92F3}.Release|x64.ActiveCfg = Release|Win32
		{339DCED0-B765-3406-A779-C87BAE7B92F3}.RelWithDebInfo|ARM.ActiveCfg = RelWithDebInfo|Win32
		{339DCED0-B765-3406-A779-C87BAE7B92F3}.RelWithDebInfo|Win32.ActiveCfg = RelWithDebInfo|Win32
		{339DCED0-B765-3406-A779-C87BAE7B92F3}.RelWithDebInfo|Win32.Build.0 = RelWithDebInfo|Win32
		{339DCED0-B765-3406-A779-C87BAE7B92F3}.RelWithDebInfo|x64.ActiveCfg = RelWithDebInfo|Win32
		{2419C70D-C693-39F9-B646-BCF47C2291F5}.Debug|ARM.ActiveCfg = Debug|Win32
		{2419C70D-C693-39F9-B646-BCF47C2291F5}.Debug|Win32.ActiveCfg = Debug|Win32
		{2419C70D-C693-39F9-B646-BCF47C2291F5}.Debug|Win32.Build.0 = Debug|Win32
		{2419C70D-C693-39F9-B646-BCF47C2291F5}.Debug|x64.ActiveCfg = Debug|Win32
		{2419C70D-C693-39F9-B646-BCF47C2291F5}.MinSizeRel|ARM.ActiveCfg = MinSizeRel|Win32
		{2419C70D-C693-39F9-B646-BCF47C2291F5}.MinSizeRel|Win32.ActiveCfg = MinSizeRel|Win32
		{2419C70D-C693-39F9-B646-BCF47C2291F5}.MinSizeRel|Win32.Build.0 = MinSizeRel|Win32
		{2419C70D-C693-39F9-B646-BCF47C2291F5}.MinSizeRel|x64.ActiveCfg = MinSizeRel|Win32
		{2419C70D-C693-39F9-B646-BCF47C2291F5}.Release|ARM.ActiveCfg = Release|Win32
		{2419C70D-C693-39F9-B646-BCF47C2291F5}.Release|Win32.ActiveCfg = Release|Win32
		{2419C70D-C693-39F9-B646-BCF47C2291F5}.Release|Win32.Build.0 = Release|Win32
		{2419C70D-C693-39F9-B646-BCF47C2291F5}.Release|x64.ActiveCfg = Release|Win32
		{2419C70D-C693-39F9-B646-BCF47C2291F5}.RelWithDebInfo|ARM.ActiveCfg = RelWithDebInfo|Win32
		{2419C70D-C693-39F9-B646-BCF47C2291F5}.RelWithDebInfo|Win32.ActiveCfg = RelWithDebInfo|Win32
		{2419C70D-C693-39F9-B646-BCF47C2291F5}.RelWithDebInfo|Win32.Build.0 = RelWithDebInfo|Win32
		{2419C70D-C693-39F9-B646-BCF47C2291F5}.RelWithDebInfo|x64.ActiveCfg = RelWithDebInfo|Win32
		{10B05C28-5B5E-3294-BEA9-A95E1E96580B}.Debug|ARM.ActiveCfg = Debug|Win32
		{10B05C28-5B5E-3294-BEA9-A95E1E96580B}.Debug|Win32.ActiveCfg = Debug|Win32
		{10B05C28-5B5E-3294-BEA9-A95E1E96580B}.Debug|Win32.Build.0 = Debug|Win32
		{10B05C28-5B5E-3294-BEA9-A95E1E96580B}.Debug|x64.ActiveCfg = Debug|Win32
		{10B05C28-5B5E-3294-BEA9-A95E1E96580B}.MinSizeRel|ARM.ActiveCfg = MinSizeRel|Win32
		{10B05C28-5B5E-3294-BEA9-A95E1E96580B}.MinSizeRel|Win32.ActiveCfg = MinSizeRel|Win32
		{10B05C28-5B5E-3294-BEA9-A95E1E96580B}.MinSizeRel|Win32.Build.0 = MinSizeRel|Win32
		{10B05C28-5B5E-3294-BEA9-A95E1E96580B}.MinSizeRel|x64.ActiveCfg = MinSizeRel|Win32
		{10B05C28-5B5E-3294-BEA9-A95E1E96580B}.Release|ARM.ActiveCfg = Release|Win32
		{10B05C28-5B5E-3294-BEA9-A95E1E96580B}.Release|Win32.ActiveCfg = Release|Win32
		{10B05C28-5B5E-3294-BEA9-A95E1E96580B}.Release|Win32.Build.0 = Release|Win32
		{10B05C28-5B5E-3294-BEA9-A95E1E96580B}.Release|x64.ActiveCfg = Release|Win32
		{10B05C28-5B5E-3294-BEA9-A95E1E96580B}.RelWithDebInfo|ARM.ActiveCfg = RelWithDebInfo|Win32
		{10B05C28-5B5E-3294-BEA9-A95E1E96580B}.RelWithDebInfo|Win32.ActiveCfg = RelWithDebInfo|Win32
		{10B05C28-5B5E-3294-BEA9-A95E1E96580B}.RelWithDebInfo|Win32.Build.0 = RelWithDebInfo|Win32
		{10B05C28-5B5E-3294-BEA9-A95E1E96580B}.RelWithDebInfo|x64.ActiveCfg = RelWithDebInfo|Win32
		{8BA365C5-246B-48AD-9177-31891649ACF2}.Debug|ARM.ActiveCfg = Debug|ARM
		{8BA365C5-246B-48AD-9177-31891649ACF2}.Debug|ARM.Build.0 = Debug|ARM
		{8BA365C5-246B-48AD-9177-31891649ACF2}.Debug|Win32.ActiveCfg = Debug|Win32
		{8BA365C5-246B-48AD-9177-31891649ACF2}.Debug|Win32.Build.0 = Debug|Win32
		{8BA365C5-246B-48AD-9177-31891649ACF2}.Debug|x64.ActiveCfg = Debug|x64
		{8BA365C5-246B-48AD-9177-31891649ACF2}.Debug|x64.Build.0 = Debug|x64
		{8BA365C5-246B-48AD-9177-31891649ACF2}.MinSizeRel|ARM.ActiveCfg = Release|ARM
		{8BA365C5-246B-48AD-9177-31891649ACF2}.MinSizeRel|ARM.Build.0 = Release|ARM
		{8BA365C5-246B-48AD-9177-31891649ACF2}.MinSizeRel|Win32.ActiveCfg = Release|Win32
		{8BA365C5-246B-48AD-9177-31891649ACF2}.MinSizeRel|Win32.Build.0 = Release|Win32
		{8BA365C5-246B-48AD-9177-31891649ACF2}.MinSizeRel|x64.ActiveCfg = Release|x64
		{8BA365C5-246B-48AD-9177-31891649ACF2}.MinSizeRel|x64.Build.0 = Release|x64
		{8BA365C5-246B-48AD-9177-31891649ACF2}.Release|ARM.ActiveCfg = Release|ARM
		{8BA365C5-246B-48AD-9177-31891649ACF2}.Release|ARM.Build.0 = Release|ARM
		{8BA365C5-246B-48AD-9177-31891649ACF2}.Release|Win32.ActiveCfg = Release|Win32
		{8BA365C5-246B-48AD-9177-31891649ACF2}.Release|Win32.Build.0 = Release|Win32
		{8BA365C5-246B-48AD-9177-31891649ACF2}.Release|x64.ActiveCfg = Release|x64
		{8BA365C5-246B-48AD-9177-31891649ACF2}.Release|x64.Build.0 = Release|x64
		{8BA365C5-246B-48AD-9177-31891649ACF2}.RelWithDebInfo|ARM.ActiveCfg = Release|ARM
		{8BA365C5-246B-48AD-9177-31891649ACF2}.RelWithDebInfo|ARM.Build.0 = Release|ARM
		{8BA365C5-246B-48AD-9177-31891649ACF2}.RelWithDebInfo|Win32.ActiveCfg = Release|Win32
		{8BA365C5-246B-48AD-9177-31891649ACF2}.RelWithDebInfo|Win32.Build.0 = Release|Win32
		{8BA365C5-246B-48AD-9177-31891649ACF2}.RelWithDebInfo|x64.ActiveCfg = Release|x64
		{8BA365C5-246B-48AD-9177-31891649ACF2}.RelWithDebInfo|x64.Build.0 = Release|x64
	EndGlobalSection
	GlobalSection(SolutionProperties) = preSolution
		HideSolutionNode = FALSE
	EndGlobalSection
	GlobalSection(ExtensibilityGlobals) = postSolution
		SolutionGuid = {11C035F9-2E04-3456-944B-9DA3867E7387}
	EndGlobalSection
EndGlobal
