Microsoft Visual Studio Solution File, Format Version 12.00
# Visual Studio 15
Project("{8BC9CEB8-8B4A-11D0-8D11-00A0C91BC942}") = "ALL_BUILD", "ALL_BUILD.vcxproj", "{8CD77A67-9720-3A92-86A4-C855EFE1F449}"
	ProjectSection(ProjectDependencies) = postProject
		{E10AC4C9-5FC1-3178-9522-9FBA24669FAA} = {E10AC4C9-5FC1-3178-9522-9FBA24669FAA}
		{0DBABAE6-38B1-3DA2-A421-A75409AFBC35} = {0DBABAE6-38B1-3DA2-A421-A75409AFBC35}
		{0FAEB9D1-5286-37B8-8268-C3C6F4C76547} = {0FAEB9D1-5286-37B8-8268-C3C6F4C76547}
		{7DE290BD-AE83-3C22-B77B-7EE048D23B9A} = {7DE290BD-AE83-3C22-B77B-7EE048D23B9A}
		{ED378603-9C4D-3F4F-9BF3-350019F2DEB3} = {ED378603-9C4D-3F4F-9BF3-350019F2DEB3}
		{900F1A58-61A6-3289-8359-4D1F962C0BCC} = {900F1A58-61A6-3289-8359-4D1F962C0BCC}
		{CEFBDE0F-0235-30FA-BB93-CE7496EEB745} = {CEFBDE0F-0235-30FA-BB93-CE7496EEB745}
		{27338824-9CBE-30FB-B29B-9ACA9BAB12FD} = {27338824-9CBE-30FB-B29B-9ACA9BAB12FD}
	EndProjectSection
EndProject
Project("{8BC9CEB8-8B4A-11D0-8D11-00A0C91BC942}") = "Continuous", "test\Continuous.vcxproj", "{CEF8CD2A-C6EE-3369-808A-7B8C679A067C}"
	ProjectSection(ProjectDependencies) = postProject
		{0DBABAE6-38B1-3DA2-A421-A75409AFBC35} = {0DBABAE6-38B1-3DA2-A421-A75409AFBC35}
	EndProjectSection
EndProject
Project("{8BC9CEB8-8B4A-11D0-8D11-00A0C91BC942}") = "Experimental", "test\Experimental.vcxproj", "{3E3C619C-A71B-304F-85E4-89E6C67AD2E9}"
	ProjectSection(ProjectDependencies) = postProject
		{0DBABAE6-38B1-3DA2-A421-A75409AFBC35} = {0DBABAE6-38B1-3DA2-A421-A75409AFBC35}
	EndProjectSection
EndProject
Project("{8BC9CEB8-8B4A-11D0-8D11-00A0C91BC942}") = "INSTALL", "INSTALL.vcxproj", "{806B6793-FDFA-3202-ACDA-F082436DEDAA}"
	ProjectSection(ProjectDependencies) = postProject
		{8CD77A67-9720-3A92-86A4-C855EFE1F449} = {8CD77A67-9720-3A92-86A4-C855EFE1F449}
		{0DBABAE6-38B1-3DA2-A421-A75409AFBC35} = {0DBABAE6-38B1-3DA2-A421-A75409AFBC35}
	EndProjectSection
EndProject
Project("{8BC9CEB8-8B4A-11D0-8D11-00A0C91BC942}") = "IrrXML", "contrib\irrXML\IrrXML.vcxproj", "{E10AC4C9-5FC1-3178-9522-9FBA24669FAA}"
	ProjectSection(ProjectDependencies) = postProject
		{0DBABAE6-38B1-3DA2-A421-A75409AFBC35} = {0DBABAE6-38B1-3DA2-A421-A75409AFBC35}
	EndProjectSection
EndProject
Project("{8BC9CEB8-8B4A-11D0-8D11-00A0C91BC942}") = "Nightly", "test\Nightly.vcxproj", "{C23961A3-C941-3CD3-9284-6EE99D55ED82}"
	ProjectSection(ProjectDependencies) = postProject
		{0DBABAE6-38B1-3DA2-A421-A75409AFBC35} = {0DBABAE6-38B1-3DA2-A421-A75409AFBC35}
	EndProjectSection
EndProject
Project("{8BC9CEB8-8B4A-11D0-8D11-00A0C91BC942}") = "NightlyMemoryCheck", "test\NightlyMemoryCheck.vcxproj", "{76FD0B06-0591-31DB-9A26-B3950E3FF908}"
	ProjectSection(ProjectDependencies) = postProject
		{0DBABAE6-38B1-3DA2-A421-A75409AFBC35} = {0DBABAE6-38B1-3DA2-A421-A75409AFBC35}
	EndProjectSection
EndProject
Project("{8BC9CEB8-8B4A-11D0-8D11-00A0C91BC942}") = "UpdateAssimpLibsDebugSymbolsAndDLLs", "UpdateAssimpLibsDebugSymbolsAndDLLs.vcxproj", "{6781E929-3FAE-3CD5-9F7B-E7780D8781D1}"
	ProjectSection(ProjectDependencies) = postProject
		{0DBABAE6-38B1-3DA2-A421-A75409AFBC35} = {0DBABAE6-38B1-3DA2-A421-A75409AFBC35}
	EndProjectSection
EndProject
Project("{8BC9CEB8-8B4A-11D0-8D11-00A0C91BC942}") = "ZERO_CHECK", "ZERO_CHECK.vcxproj", "{0DBABAE6-38B1-3DA2-A421-A75409AFBC35}"
	ProjectSection(ProjectDependencies) = postProject
	EndProjectSection
EndProject
Project("{8BC9CEB8-8B4A-11D0-8D11-00A0C91BC942}") = "assimp", "code\assimp.vcxproj", "{0FAEB9D1-5286-37B8-8268-C3C6F4C76547}"
	ProjectSection(ProjectDependencies) = postProject
		{E10AC4C9-5FC1-3178-9522-9FBA24669FAA} = {E10AC4C9-5FC1-3178-9522-9FBA24669FAA}
		{0DBABAE6-38B1-3DA2-A421-A75409AFBC35} = {0DBABAE6-38B1-3DA2-A421-A75409AFBC35}
		{27338824-9CBE-30FB-B29B-9ACA9BAB12FD} = {27338824-9CBE-30FB-B29B-9ACA9BAB12FD}
	EndProjectSection
EndProject
Project("{8BC9CEB8-8B4A-11D0-8D11-00A0C91BC942}") = "assimp_cmd", "tools\assimp_cmd\assimp_cmd.vcxproj", "{7DE290BD-AE83-3C22-B77B-7EE048D23B9A}"
	ProjectSection(ProjectDependencies) = postProject
		{E10AC4C9-5FC1-3178-9522-9FBA24669FAA} = {E10AC4C9-5FC1-3178-9522-9FBA24669FAA}
		{0DBABAE6-38B1-3DA2-A421-A75409AFBC35} = {0DBABAE6-38B1-3DA2-A421-A75409AFBC35}
		{0FAEB9D1-5286-37B8-8268-C3C6F4C76547} = {0FAEB9D1-5286-37B8-8268-C3C6F4C76547}
		{27338824-9CBE-30FB-B29B-9ACA9BAB12FD} = {27338824-9CBE-30FB-B29B-9ACA9BAB12FD}
	EndProjectSection
EndProject
Project("{8BC9CEB8-8B4A-11D0-8D11-00A0C91BC942}") = "assimp_viewer", "tools\assimp_view\assimp_viewer.vcxproj", "{ED378603-9C4D-3F4F-9BF3-350019F2DEB3}"
	ProjectSection(ProjectDependencies) = postProject
		{E10AC4C9-5FC1-3178-9522-9FBA24669FAA} = {E10AC4C9-5FC1-3178-9522-9FBA24669FAA}
		{0DBABAE6-38B1-3DA2-A421-A75409AFBC35} = {0DBABAE6-38B1-3DA2-A421-A75409AFBC35}
		{0FAEB9D1-5286-37B8-8268-C3C6F4C76547} = {0FAEB9D1-5286-37B8-8268-C3C6F4C76547}
		{27338824-9CBE-30FB-B29B-9ACA9BAB12FD} = {27338824-9CBE-30FB-B29B-9ACA9BAB12FD}
	EndProjectSection
EndProject
Project("{8BC9CEB8-8B4A-11D0-8D11-00A0C91BC942}") = "uninstall", "uninstall.vcxproj", "{89DD6744-A03E-3814-9D71-B0816B5B3E59}"
	ProjectSection(ProjectDependencies) = postProject
		{0DBABAE6-38B1-3DA2-A421-A75409AFBC35} = {0DBABAE6-38B1-3DA2-A421-A75409AFBC35}
	EndProjectSection
EndProject
Project("{8BC9CEB8-8B4A-11D0-8D11-00A0C91BC942}") = "unit", "test\unit.vcxproj", "{900F1A58-61A6-3289-8359-4D1F962C0BCC}"
	ProjectSection(ProjectDependencies) = postProject
		{E10AC4C9-5FC1-3178-9522-9FBA24669FAA} = {E10AC4C9-5FC1-3178-9522-9FBA24669FAA}
		{0DBABAE6-38B1-3DA2-A421-A75409AFBC35} = {0DBABAE6-38B1-3DA2-A421-A75409AFBC35}
		{0FAEB9D1-5286-37B8-8268-C3C6F4C76547} = {0FAEB9D1-5286-37B8-8268-C3C6F4C76547}
		{27338824-9CBE-30FB-B29B-9ACA9BAB12FD} = {27338824-9CBE-30FB-B29B-9ACA9BAB12FD}
	EndProjectSection
EndProject
Project("{8BC9CEB8-8B4A-11D0-8D11-00A0C91BC942}") = "zlib", "contrib\zlib\zlib.vcxproj", "{CEFBDE0F-0235-30FA-BB93-CE7496EEB745}"
	ProjectSection(ProjectDependencies) = postProject
		{0DBABAE6-38B1-3DA2-A421-A75409AFBC35} = {0DBABAE6-38B1-3DA2-A421-A75409AFBC35}
	EndProjectSection
EndProject
Project("{8BC9CEB8-8B4A-11D0-8D11-00A0C91BC942}") = "zlibstatic", "contrib\zlib\zlibstatic.vcxproj", "{27338824-9CBE-30FB-B29B-9ACA9BAB12FD}"
	ProjectSection(ProjectDependencies) = postProject
		{0DBABAE6-38B1-3DA2-A421-A75409AFBC35} = {0DBABAE6-38B1-3DA2-A421-A75409AFBC35}
	EndProjectSection
EndProject
Global
	GlobalSection(SolutionConfigurationPlatforms) = preSolution
		Debug|Win32 = Debug|Win32
		Release|Win32 = Release|Win32
		MinSizeRel|Win32 = MinSizeRel|Win32
		RelWithDebInfo|Win32 = RelWithDebInfo|Win32
	EndGlobalSection
	GlobalSection(ProjectConfigurationPlatforms) = postSolution
		{8CD77A67-9720-3A92-86A4-C855EFE1F449}.Debug|Win32.ActiveCfg = Debug|Win32
		{8CD77A67-9720-3A92-86A4-C855EFE1F449}.Debug|Win32.Build.0 = Debug|Win32
		{8CD77A67-9720-3A92-86A4-C855EFE1F449}.Release|Win32.ActiveCfg = Release|Win32
		{8CD77A67-9720-3A92-86A4-C855EFE1F449}.Release|Win32.Build.0 = Release|Win32
		{8CD77A67-9720-3A92-86A4-C855EFE1F449}.MinSizeRel|Win32.ActiveCfg = MinSizeRel|Win32
		{8CD77A67-9720-3A92-86A4-C855EFE1F449}.MinSizeRel|Win32.Build.0 = MinSizeRel|Win32
		{8CD77A67-9720-3A92-86A4-C855EFE1F449}.RelWithDebInfo|Win32.ActiveCfg = RelWithDebInfo|Win32
		{8CD77A67-9720-3A92-86A4-C855EFE1F449}.RelWithDebInfo|Win32.Build.0 = RelWithDebInfo|Win32
		{CEF8CD2A-C6EE-3369-808A-7B8C679A067C}.Debug|Win32.ActiveCfg = Debug|Win32
		{CEF8CD2A-C6EE-3369-808A-7B8C679A067C}.Release|Win32.ActiveCfg = Release|Win32
		{CEF8CD2A-C6EE-3369-808A-7B8C679A067C}.MinSizeRel|Win32.ActiveCfg = MinSizeRel|Win32
		{CEF8CD2A-C6EE-3369-808A-7B8C679A067C}.RelWithDebInfo|Win32.ActiveCfg = RelWithDebInfo|Win32
		{3E3C619C-A71B-304F-85E4-89E6C67AD2E9}.Debug|Win32.ActiveCfg = Debug|Win32
		{3E3C619C-A71B-304F-85E4-89E6C67AD2E9}.Release|Win32.ActiveCfg = Release|Win32
		{3E3C619C-A71B-304F-85E4-89E6C67AD2E9}.MinSizeRel|Win32.ActiveCfg = MinSizeRel|Win32
		{3E3C619C-A71B-304F-85E4-89E6C67AD2E9}.RelWithDebInfo|Win32.ActiveCfg = RelWithDebInfo|Win32
		{806B6793-FDFA-3202-ACDA-F082436DEDAA}.Debug|Win32.ActiveCfg = Debug|Win32
		{806B6793-FDFA-3202-ACDA-F082436DEDAA}.Release|Win32.ActiveCfg = Release|Win32
		{806B6793-FDFA-3202-ACDA-F082436DEDAA}.MinSizeRel|Win32.ActiveCfg = MinSizeRel|Win32
		{806B6793-FDFA-3202-ACDA-F082436DEDAA}.RelWithDebInfo|Win32.ActiveCfg = RelWithDebInfo|Win32
		{E10AC4C9-5FC1-3178-9522-9FBA24669FAA}.Debug|Win32.ActiveCfg = Debug|Win32
		{E10AC4C9-5FC1-3178-9522-9FBA24669FAA}.Debug|Win32.Build.0 = Debug|Win32
		{E10AC4C9-5FC1-3178-9522-9FBA24669FAA}.Release|Win32.ActiveCfg = Release|Win32
		{E10AC4C9-5FC1-3178-9522-9FBA24669FAA}.Release|Win32.Build.0 = Release|Win32
		{E10AC4C9-5FC1-3178-9522-9FBA24669FAA}.MinSizeRel|Win32.ActiveCfg = MinSizeRel|Win32
		{E10AC4C9-5FC1-3178-9522-9FBA24669FAA}.MinSizeRel|Win32.Build.0 = MinSizeRel|Win32
		{E10AC4C9-5FC1-3178-9522-9FBA24669FAA}.RelWithDebInfo|Win32.ActiveCfg = RelWithDebInfo|Win32
		{E10AC4C9-5FC1-3178-9522-9FBA24669FAA}.RelWithDebInfo|Win32.Build.0 = RelWithDebInfo|Win32
		{C23961A3-C941-3CD3-9284-6EE99D55ED82}.Debug|Win32.ActiveCfg = Debug|Win32
		{C23961A3-C941-3CD3-9284-6EE99D55ED82}.Release|Win32.ActiveCfg = Release|Win32
		{C23961A3-C941-3CD3-9284-6EE99D55ED82}.MinSizeRel|Win32.ActiveCfg = MinSizeRel|Win32
		{C23961A3-C941-3CD3-9284-6EE99D55ED82}.RelWithDebInfo|Win32.ActiveCfg = RelWithDebInfo|Win32
		{76FD0B06-0591-31DB-9A26-B3950E3FF908}.Debug|Win32.ActiveCfg = Debug|Win32
		{76FD0B06-0591-31DB-9A26-B3950E3FF908}.Release|Win32.ActiveCfg = Release|Win32
		{76FD0B06-0591-31DB-9A26-B3950E3FF908}.MinSizeRel|Win32.ActiveCfg = MinSizeRel|Win32
		{76FD0B06-0591-31DB-9A26-B3950E3FF908}.RelWithDebInfo|Win32.ActiveCfg = RelWithDebInfo|Win32
		{6781E929-3FAE-3CD5-9F7B-E7780D8781D1}.Debug|Win32.ActiveCfg = Debug|Win32
		{6781E929-3FAE-3CD5-9F7B-E7780D8781D1}.Release|Win32.ActiveCfg = Release|Win32
		{6781E929-3FAE-3CD5-9F7B-E7780D8781D1}.MinSizeRel|Win32.ActiveCfg = MinSizeRel|Win32
		{6781E929-3FAE-3CD5-9F7B-E7780D8781D1}.RelWithDebInfo|Win32.ActiveCfg = RelWithDebInfo|Win32
		{0DBABAE6-38B1-3DA2-A421-A75409AFBC35}.Debug|Win32.ActiveCfg = Debug|Win32
		{0DBABAE6-38B1-3DA2-A421-A75409AFBC35}.Debug|Win32.Build.0 = Debug|Win32
		{0DBABAE6-38B1-3DA2-A421-A75409AFBC35}.Release|Win32.ActiveCfg = Release|Win32
		{0DBABAE6-38B1-3DA2-A421-A75409AFBC35}.Release|Win32.Build.0 = Release|Win32
		{0DBABAE6-38B1-3DA2-A421-A75409AFBC35}.MinSizeRel|Win32.ActiveCfg = MinSizeRel|Win32
		{0DBABAE6-38B1-3DA2-A421-A75409AFBC35}.MinSizeRel|Win32.Build.0 = MinSizeRel|Win32
		{0DBABAE6-38B1-3DA2-A421-A75409AFBC35}.RelWithDebInfo|Win32.ActiveCfg = RelWithDebInfo|Win32
		{0DBABAE6-38B1-3DA2-A421-A75409AFBC35}.RelWithDebInfo|Win32.Build.0 = RelWithDebInfo|Win32
		{0FAEB9D1-5286-37B8-8268-C3C6F4C76547}.Debug|Win32.ActiveCfg = Debug|Win32
		{0FAEB9D1-5286-37B8-8268-C3C6F4C76547}.Debug|Win32.Build.0 = Debug|Win32
		{0FAEB9D1-5286-37B8-8268-C3C6F4C76547}.Release|Win32.ActiveCfg = Release|Win32
		{0FAEB9D1-5286-37B8-8268-C3C6F4C76547}.Release|Win32.Build.0 = Release|Win32
		{0FAEB9D1-5286-37B8-8268-C3C6F4C76547}.MinSizeRel|Win32.ActiveCfg = MinSizeRel|Win32
		{0FAEB9D1-5286-37B8-8268-C3C6F4C76547}.MinSizeRel|Win32.Build.0 = MinSizeRel|Win32
		{0FAEB9D1-5286-37B8-8268-C3C6F4C76547}.RelWithDebInfo|Win32.ActiveCfg = RelWithDebInfo|Win32
		{0FAEB9D1-5286-37B8-8268-C3C6F4C76547}.RelWithDebInfo|Win32.Build.0 = RelWithDebInfo|Win32
		{7DE290BD-AE83-3C22-B77B-7EE048D23B9A}.Debug|Win32.ActiveCfg = Debug|Win32
		{7DE290BD-AE83-3C22-B77B-7EE048D23B9A}.Debug|Win32.Build.0 = Debug|Win32
		{7DE290BD-AE83-3C22-B77B-7EE048D23B9A}.Release|Win32.ActiveCfg = Release|Win32
		{7DE290BD-AE83-3C22-B77B-7EE048D23B9A}.Release|Win32.Build.0 = Release|Win32
		{7DE290BD-AE83-3C22-B77B-7EE048D23B9A}.MinSizeRel|Win32.ActiveCfg = MinSizeRel|Win32
		{7DE290BD-AE83-3C22-B77B-7EE048D23B9A}.MinSizeRel|Win32.Build.0 = MinSizeRel|Win32
		{7DE290BD-AE83-3C22-B77B-7EE048D23B9A}.RelWithDebInfo|Win32.ActiveCfg = RelWithDebInfo|Win32
		{7DE290BD-AE83-3C22-B77B-7EE048D23B9A}.RelWithDebInfo|Win32.Build.0 = RelWithDebInfo|Win32
		{ED378603-9C4D-3F4F-9BF3-350019F2DEB3}.Debug|Win32.ActiveCfg = Debug|Win32
		{ED378603-9C4D-3F4F-9BF3-350019F2DEB3}.Debug|Win32.Build.0 = Debug|Win32
		{ED378603-9C4D-3F4F-9BF3-350019F2DEB3}.Release|Win32.ActiveCfg = Release|Win32
		{ED378603-9C4D-3F4F-9BF3-350019F2DEB3}.Release|Win32.Build.0 = Release|Win32
		{ED378603-9C4D-3F4F-9BF3-350019F2DEB3}.MinSizeRel|Win32.ActiveCfg = MinSizeRel|Win32
		{ED378603-9C4D-3F4F-9BF3-350019F2DEB3}.MinSizeRel|Win32.Build.0 = MinSizeRel|Win32
		{ED378603-9C4D-3F4F-9BF3-350019F2DEB3}.RelWithDebInfo|Win32.ActiveCfg = RelWithDebInfo|Win32
		{ED378603-9C4D-3F4F-9BF3-350019F2DEB3}.RelWithDebInfo|Win32.Build.0 = RelWithDebInfo|Win32
		{89DD6744-A03E-3814-9D71-B0816B5B3E59}.Debug|Win32.ActiveCfg = Debug|Win32
		{89DD6744-A03E-3814-9D71-B0816B5B3E59}.Release|Win32.ActiveCfg = Release|Win32
		{89DD6744-A03E-3814-9D71-B0816B5B3E59}.MinSizeRel|Win32.ActiveCfg = MinSizeRel|Win32
		{89DD6744-A03E-3814-9D71-B0816B5B3E59}.RelWithDebInfo|Win32.ActiveCfg = RelWithDebInfo|Win32
		{900F1A58-61A6-3289-8359-4D1F962C0BCC}.Debug|Win32.ActiveCfg = Debug|Win32
		{900F1A58-61A6-3289-8359-4D1F962C0BCC}.Debug|Win32.Build.0 = Debug|Win32
		{900F1A58-61A6-3289-8359-4D1F962C0BCC}.Release|Win32.ActiveCfg = Release|Win32
		{900F1A58-61A6-3289-8359-4D1F962C0BCC}.Release|Win32.Build.0 = Release|Win32
		{900F1A58-61A6-3289-8359-4D1F962C0BCC}.MinSizeRel|Win32.ActiveCfg = MinSizeRel|Win32
		{900F1A58-61A6-3289-8359-4D1F962C0BCC}.MinSizeRel|Win32.Build.0 = MinSizeRel|Win32
		{900F1A58-61A6-3289-8359-4D1F962C0BCC}.RelWithDebInfo|Win32.ActiveCfg = RelWithDebInfo|Win32
		{900F1A58-61A6-3289-8359-4D1F962C0BCC}.RelWithDebInfo|Win32.Build.0 = RelWithDebInfo|Win32
		{CEFBDE0F-0235-30FA-BB93-CE7496EEB745}.Debug|Win32.ActiveCfg = Debug|Win32
		{CEFBDE0F-0235-30FA-BB93-CE7496EEB745}.Debug|Win32.Build.0 = Debug|Win32
		{CEFBDE0F-0235-30FA-BB93-CE7496EEB745}.Release|Win32.ActiveCfg = Release|Win32
		{CEFBDE0F-0235-30FA-BB93-CE7496EEB745}.Release|Win32.Build.0 = Release|Win32
		{CEFBDE0F-0235-30FA-BB93-CE7496EEB745}.MinSizeRel|Win32.ActiveCfg = MinSizeRel|Win32
		{CEFBDE0F-0235-30FA-BB93-CE7496EEB745}.MinSizeRel|Win32.Build.0 = MinSizeRel|Win32
		{CEFBDE0F-0235-30FA-BB93-CE7496EEB745}.RelWithDebInfo|Win32.ActiveCfg = RelWithDebInfo|Win32
		{CEFBDE0F-0235-30FA-BB93-CE7496EEB745}.RelWithDebInfo|Win32.Build.0 = RelWithDebInfo|Win32
		{27338824-9CBE-30FB-B29B-9ACA9BAB12FD}.Debug|Win32.ActiveCfg = Debug|Win32
		{27338824-9CBE-30FB-B29B-9ACA9BAB12FD}.Debug|Win32.Build.0 = Debug|Win32
		{27338824-9CBE-30FB-B29B-9ACA9BAB12FD}.Release|Win32.ActiveCfg = Release|Win32
		{27338824-9CBE-30FB-B29B-9ACA9BAB12FD}.Release|Win32.Build.0 = Release|Win32
		{27338824-9CBE-30FB-B29B-9ACA9BAB12FD}.MinSizeRel|Win32.ActiveCfg = MinSizeRel|Win32
		{27338824-9CBE-30FB-B29B-9ACA9BAB12FD}.MinSizeRel|Win32.Build.0 = MinSizeRel|Win32
		{27338824-9CBE-30FB-B29B-9ACA9BAB12FD}.RelWithDebInfo|Win32.ActiveCfg = RelWithDebInfo|Win32
		{27338824-9CBE-30FB-B29B-9ACA9BAB12FD}.RelWithDebInfo|Win32.Build.0 = RelWithDebInfo|Win32
	EndGlobalSection
	GlobalSection(ExtensibilityGlobals) = postSolution
		SolutionGuid = {CE86ED9B-371D-3BBA-8DF1-D9D511770C88}
	EndGlobalSection
	GlobalSection(ExtensibilityAddIns) = postSolution
	EndGlobalSection
EndGlobal
